// !$*UTF8*$!
{
	archiveVersion = 1;
	classes = {
	};
	objectVersion = 56;
	objects = {

/* Begin PBXBuildFile section */
		BD54BA672C137FF1006C0B55 /* MovieEmojiQuizApp.swift in Sources */ = {isa = PBXBuildFile; fileRef = BD54BA662C137FF1006C0B55 /* MovieEmojiQuizApp.swift */; };
		BD54BA692C137FF1006C0B55 /* ContentView.swift in Sources */ = {isa = PBXBuildFile; fileRef = BD54BA682C137FF1006C0B55 /* ContentView.swift */; };
		BD54BA6B2C137FF2006C0B55 /* Assets.xcassets in Resources */ = {isa = PBXBuildFile; fileRef = BD54BA6A2C137FF2006C0B55 /* Assets.xcassets */; };
		BD54BA6E2C137FF2006C0B55 /* Preview Assets.xcassets in Resources */ = {isa = PBXBuildFile; fileRef = BD54BA6D2C137FF2006C0B55 /* Preview Assets.xcassets */; };
		BD54BA792C138092006C0B55 /* FirstQuestion.swift in Sources */ = {isa = PBXBuildFile; fileRef = BD54BA782C138092006C0B55 /* FirstQuestion.swift */; };
		BD54BA7B2C138A36006C0B55 /* SecondQuestion.swift in Sources */ = {isa = PBXBuildFile; fileRef = BD54BA7A2C138A36006C0B55 /* SecondQuestion.swift */; };
		BD54BA7D2C138B94006C0B55 /* ThirdQuestion.swift in Sources */ = {isa = PBXBuildFile; fileRef = BD54BA7C2C138B94006C0B55 /* ThirdQuestion.swift */; };
		BD54BA7F2C138F6B006C0B55 /* LastPage.swift in Sources */ = {isa = PBXBuildFile; fileRef = BD54BA7E2C138F6B006C0B55 /* LastPage.swift */; };
/* End PBXBuildFile section */

/* Begin PBXFileReference section */
		BD54BA632C137FF1006C0B55 /* MovieEmojiQuiz.app */ = {isa = PBXFileReference; explicitFileType = wrapper.application; includeInIndex = 0; path = MovieEmojiQuiz.app; sourceTree = BUILT_PRODUCTS_DIR; };
		BD54BA662C137FF1006C0B55 /* MovieEmojiQuizApp.swift */ = {isa = PBXFileReference; lastKnownFileType = sourcecode.swift; path = MovieEmojiQuizApp.swift; sourceTree = "<group>"; };
		BD54BA682C137FF1006C0B55 /* ContentView.swift */ = {isa = PBXFileReference; lastKnownFileType = sourcecode.swift; path = ContentView.swift; sourceTree = "<group>"; };
		BD54BA6A2C137FF2006C0B55 /* Assets.xcassets */ = {isa = PBXFileReference; lastKnownFileType = folder.assetcatalog; path = Assets.xcassets; sourceTree = "<group>"; };
		BD54BA6D2C137FF2006C0B55 /* Preview Assets.xcassets */ = {isa = PBXFileReference; lastKnownFileType = folder.assetcatalog; path = "Preview Assets.xcassets"; sourceTree = "<group>"; };
		BD54BA782C138092006C0B55 /* FirstQuestion.swift */ = {isa = PBXFileReference; lastKnownFileType = sourcecode.swift; path = FirstQuestion.swift; sourceTree = "<group>"; };
		BD54BA7A2C138A36006C0B55 /* SecondQuestion.swift */ = {isa = PBXFileReference; lastKnownFileType = sourcecode.swift; path = SecondQuestion.swift; sourceTree = "<group>"; };
		BD54BA7C2C138B94006C0B55 /* ThirdQuestion.swift */ = {isa = PBXFileReference; lastKnownFileType = sourcecode.swift; path = ThirdQuestion.swift; sourceTree = "<group>"; };
		BD54BA7E2C138F6B006C0B55 /* LastPage.swift */ = {isa = PBXFileReference; lastKnownFileType = sourcecode.swift; path = LastPage.swift; sourceTree = "<group>"; };
/* End PBXFileReference section */

/* Begin PBXFrameworksBuildPhase section */
		BD54BA602C137FF1006C0B55 /* Frameworks */ = {
			isa = PBXFrameworksBuildPhase;
			buildActionMask = 2147483647;
			files = (
			);
			runOnlyForDeploymentPostprocessing = 0;
		};
/* End PBXFrameworksBuildPhase section */

/* Begin PBXGroup section */
		BD54BA5A2C137FF1006C0B55 = {
			isa = PBXGroup;
			children = (
				BD54BA652C137FF1006C0B55 /* MovieEmojiQuiz */,
				BD54BA642C137FF1006C0B55 /* Products */,
			);
			sourceTree = "<group>";
		};
		BD54BA642C137FF1006C0B55 /* Products */ = {
			isa = PBXGroup;
			children = (
				BD54BA632C137FF1006C0B55 /* MovieEmojiQuiz.app */,
			);
			name = Products;
			sourceTree = "<group>";
		};
		BD54BA652C137FF1006C0B55 /* MovieEmojiQuiz */ = {
			isa = PBXGroup;
			children = (
				BD54BA662C137FF1006C0B55 /* MovieEmojiQuizApp.swift */,
				BD54BA782C138092006C0B55 /* FirstQuestion.swift */,
				BD54BA7A2C138A36006C0B55 /* SecondQuestion.swift */,
				BD54BA7C2C138B94006C0B55 /* ThirdQuestion.swift */,
				BD54BA682C137FF1006C0B55 /* ContentView.swift */,
				BD54BA7E2C138F6B006C0B55 /* LastPage.swift */,
				BD54BA6A2C137FF2006C0B55 /* Assets.xcassets */,
				BD54BA6C2C137FF2006C0B55 /* Preview Content */,
			);
			path = MovieEmojiQuiz;
			sourceTree = "<group>";
		};
		BD54BA6C2C137FF2006C0B55 /* Preview Content */ = {
			isa = PBXGroup;
			children = (
				BD54BA6D2C137FF2006C0B55 /* Preview Assets.xcassets */,
			);
			path = "Preview Content";
			sourceTree = "<group>";
		};
/* End PBXGroup section */

/* Begin PBXNativeTarget section */
		BD54BA622C137FF1006C0B55 /* MovieEmojiQuiz */ = {
			isa = PBXNativeTarget;
			buildConfigurationList = BD54BA712C137FF2006C0B55 /* Build configuration list for PBXNativeTarget "MovieEmojiQuiz" */;
			buildPhases = (
				BD54BA5F2C137FF1006C0B55 /* Sources */,
				BD54BA602C137FF1006C0B55 /* Frameworks */,
				BD54BA612C137FF1006C0B55 /* Resources */,
			);
			buildRules = (
			);
			dependencies = (
			);
			name = MovieEmojiQuiz;
			productName = MovieEmojiQuiz;
			productReference = BD54BA632C137FF1006C0B55 /* MovieEmojiQuiz.app */;
			productType = "com.apple.product-type.application";
		};
/* End PBXNativeTarget section */

/* Begin PBXProject section */
		BD54BA5B2C137FF1006C0B55 /* Project object */ = {
			isa = PBXProject;
			attributes = {
				BuildIndependentTargetsInParallel = 1;
				LastSwiftUpdateCheck = 1540;
				LastUpgradeCheck = 1540;
				TargetAttributes = {
					BD54BA622C137FF1006C0B55 = {
						CreatedOnToolsVersion = 15.4;
					};
				};
			};
			buildConfigurationList = BD54BA5E2C137FF1006C0B55 /* Build configuration list for PBXProject "MovieEmojiQuiz" */;
			compatibilityVersion = "Xcode 14.0";
			developmentRegion = en;
			hasScannedForEncodings = 0;
			knownRegions = (
				en,
				Base,
			);
			mainGroup = BD54BA5A2C137FF1006C0B55;
			productRefGroup = BD54BA642C137FF1006C0B55 /* Products */;
			projectDirPath = "";
			projectRoot = "";
			targets = (
				BD54BA622C137FF1006C0B55 /* MovieEmojiQuiz */,
			);
		};
/* End PBXProject section */

/* Begin PBXResourcesBuildPhase section */
		BD54BA612C137FF1006C0B55 /* Resources */ = {
			isa = PBXResourcesBuildPhase;
			buildActionMask = 2147483647;
			files = (
				BD54BA6E2C137FF2006C0B55 /* Preview Assets.xcassets in Resources */,
				BD54BA6B2C137FF2006C0B55 /* Assets.xcassets in Resources */,
			);
			runOnlyForDeploymentPostprocessing = 0;
		};
/* End PBXResourcesBuildPhase section */

/* Begin PBXSourcesBuildPhase section */
		BD54BA5F2C137FF1006C0B55 /* Sources */ = {
			isa = PBXSourcesBuildPhase;
			buildActionMask = 2147483647;
			files = (
				BD54BA692C137FF1006C0B55 /* ContentView.swift in Sources */,
				BD54BA672C137FF1006C0B55 /* MovieEmojiQuizApp.swift in Sources */,
				BD54BA7F2C138F6B006C0B55 /* LastPage.swift in Sources */,
				BD54BA7D2C138B94006C0B55 /* ThirdQuestion.swift in Sources */,
				BD54BA792C138092006C0B55 /* FirstQuestion.swift in Sources */,
				BD54BA7B2C138A36006C0B55 /* SecondQuestion.swift in Sources */,
			);
			runOnlyForDeploymentPostprocessing = 0;
		};
/* End PBXSourcesBuildPhase section */

/* Begin XCBuildConfiguration section */
		BD54BA6F2C137FF2006C0B55 /* Debug */ = {
			isa = XCBuildConfiguration;
			buildSettings = {
				ALWAYS_SEARCH_USER_PATHS = NO;
				ASSETCATALOG_COMPILER_GENERATE_SWIFT_ASSET_SYMBOL_EXTENSIONS = YES;
				CLANG_ANALYZER_NONNULL = YES;
				CLANG_ANALYZER_NUMBER_OBJECT_CONVERSION = YES_AGGRESSIVE;
				CLANG_CXX_LANGUAGE_STANDARD = "gnu++20";
				CLANG_ENABLE_MODULES = YES;
				CLANG_ENABLE_OBJC_ARC = YES;
				CLANG_ENABLE_OBJC_WEAK = YES;
				CLANG_WARN_BLOCK_CAPTURE_AUTORELEASING = YES;
				CLANG_WARN_BOOL_CONVERSION = YES;
				CLANG_WARN_COMMA = YES;
				CLANG_WARN_CONSTANT_CONVERSION = YES;
				CLANG_WARN_DEPRECATED_OBJC_IMPLEMENTATIONS = YES;
				CLANG_WARN_DIRECT_OBJC_ISA_USAGE = YES_ERROR;
				CLANG_WARN_DOCUMENTATION_COMMENTS = YES;
				CLANG_WARN_EMPTY_BODY = YES;
				CLANG_WARN_ENUM_CONVERSION = YES;
				CLANG_WARN_INFINITE_RECURSION = YES;
				CLANG_WARN_INT_CONVERSION = YES;
				CLANG_WARN_NON_LITERAL_NULL_CONVERSION = YES;
				CLANG_WARN_OBJC_IMPLICIT_RETAIN_SELF = YES;
				CLANG_WARN_OBJC_LITERAL_CONVERSION = YES;
				CLANG_WARN_OBJC_ROOT_CLASS = YES_ERROR;
				CLANG_WARN_QUOTED_INCLUDE_IN_FRAMEWORK_HEADER = YES;
				CLANG_WARN_RANGE_LOOP_ANALYSIS = YES;
				CLANG_WARN_STRICT_PROTOTYPES = YES;
				CLANG_WARN_SUSPICIOUS_MOVE = YES;
				CLANG_WARN_UNGUARDED_AVAILABILITY = YES_AGGRESSIVE;
				CLANG_WARN_UNREACHABLE_CODE = YES;
				CLANG_WARN__DUPLICATE_METHOD_MATCH = YES;
				COPY_PHASE_STRIP = NO;
				DEBUG_INFORMATION_FORMAT = dwarf;
				ENABLE_STRICT_OBJC_MSGSEND = YES;
				ENABLE_TESTABILITY = YES;
				ENABLE_USER_SCRIPT_SANDBOXING = YES;
				GCC_C_LANGUAGE_STANDARD = gnu17;
				GCC_DYNAMIC_NO_PIC = NO;
				GCC_NO_COMMON_BLOCKS = YES;
				GCC_OPTIMIZATION_LEVEL = 0;
				GCC_PREPROCESSOR_DEFINITIONS = (
					"DEBUG=1",
					"$(inherited)",
				);
				GCC_WARN_64_TO_32_BIT_CONVERSION = YES;
				GCC_WARN_ABOUT_RETURN_TYPE = YES_ERROR;
				GCC_WARN_UNDECLARED_SELECTOR = YES;
				GCC_WARN_UNINITIALIZED_AUTOS = YES_AGGRESSIVE;
				GCC_WARN_UNUSED_FUNCTION = YES;
				GCC_WARN_UNUSED_VARIABLE = YES;
				IPHONEOS_DEPLOYMENT_TARGET = 17.5;
				LOCALIZATION_PREFERS_STRING_CATALOGS = YES;
				MTL_ENABLE_DEBUG_INFO = INCLUDE_SOURCE;
				MTL_FAST_MATH = YES;
				ONLY_ACTIVE_ARCH = YES;
				SDKROOT = iphoneos;
				SWIFT_ACTIVE_COMPILATION_CONDITIONS = "DEBUG $(inherited)";
				SWIFT_OPTIMIZATION_LEVEL = "-Onone";
			};
			name = Debug;
		};
		BD54BA702C137FF2006C0B55 /* Release */ = {
			isa = XCBuildConfiguration;
			buildSettings = {
				ALWAYS_SEARCH_USER_PATHS = NO;
				ASSETCATALOG_COMPILER_GENERATE_SWIFT_ASSET_SYMBOL_EXTENSIONS = YES;
				CLANG_ANALYZER_NONNULL = YES;
				CLANG_ANALYZER_NUMBER_OBJECT_CONVERSION = YES_AGGRESSIVE;
				CLANG_CXX_LANGUAGE_STANDARD = "gnu++20";
				CLANG_ENABLE_MODULES = YES;
				CLANG_ENABLE_OBJC_ARC = YES;
				CLANG_ENABLE_OBJC_WEAK = YES;
				CLANG_WARN_BLOCK_CAPTURE_AUTORELEASING = YES;
				CLANG_WARN_BOOL_CONVERSION = YES;
				CLANG_WARN_COMMA = YES;
				CLANG_WARN_CONSTANT_CONVERSION = YES;
				CLANG_WARN_DEPRECATED_OBJC_IMPLEMENTATIONS = YES;
				CLANG_WARN_DIRECT_OBJC_ISA_USAGE = YES_ERROR;
				CLANG_WARN_DOCUMENTATION_COMMENTS = YES;
				CLANG_WARN_EMPTY_BODY = YES;
				CLANG_WARN_ENUM_CONVERSION = YES;
				CLANG_WARN_INFINITE_RECURSION = YES;
				CLANG_WARN_INT_CONVERSION = YES;
				CLANG_WARN_NON_LITERAL_NULL_CONVERSION = YES;
				CLANG_WARN_OBJC_IMPLICIT_RETAIN_SELF = YES;
				CLANG_WARN_OBJC_LITERAL_CONVERSION = YES;
				CLANG_WARN_OBJC_ROOT_CLASS = YES_ERROR;
				CLANG_WARN_QUOTED_INCLUDE_IN_FRAMEWORK_HEADER = YES;
				CLANG_WARN_RANGE_LOOP_ANALYSIS = YES;
				CLANG_WARN_STRICT_PROTOTYPES = YES;
				CLANG_WARN_SUSPICIOUS_MOVE = YES;
				CLANG_WARN_UNGUARDED_AVAILABILITY = YES_AGGRESSIVE;
				CLANG_WARN_UNREACHABLE_CODE = YES;
				CLANG_WARN__DUPLICATE_METHOD_MATCH = YES;
				COPY_PHASE_STRIP = NO;
				DEBUG_INFORMATION_FORMAT = "dwarf-with-dsym";
				ENABLE_NS_ASSERTIONS = NO;
				ENABLE_STRICT_OBJC_MSGSEND = YES;
				ENABLE_USER_SCRIPT_SANDBOXING = YES;
				GCC_C_LANGUAGE_STANDARD = gnu17;
				GCC_NO_COMMON_BLOCKS = YES;
				GCC_WARN_64_TO_32_BIT_CONVERSION = YES;
				GCC_WARN_ABOUT_RETURN_TYPE = YES_ERROR;
				GCC_WARN_UNDECLARED_SELECTOR = YES;
				GCC_WARN_UNINITIALIZED_AUTOS = YES_AGGRESSIVE;
				GCC_WARN_UNUSED_FUNCTION = YES;
				GCC_WARN_UNUSED_VARIABLE = YES;
				IPHONEOS_DEPLOYMENT_TARGET = 17.5;
				LOCALIZATION_PREFERS_STRING_CATALOGS = YES;
				MTL_ENABLE_DEBUG_INFO = NO;
				MTL_FAST_MATH = YES;
				SDKROOT = iphoneos;
				SWIFT_COMPILATION_MODE = wholemodule;
				VALIDATE_PRODUCT = YES;
			};
			name = Release;
		};
		BD54BA722C137FF2006C0B55 /* Debug */ = {
			isa = XCBuildConfiguration;
			buildSettings = {
				ASSETCATALOG_COMPILER_APPICON_NAME = AppIcon;
				ASSETCATALOG_COMPILER_GLOBAL_ACCENT_COLOR_NAME = AccentColor;
				CODE_SIGN_STYLE = Automatic;
				CURRENT_PROJECT_VERSION = 1;
				DEVELOPMENT_ASSET_PATHS = "\"MovieEmojiQuiz/Preview Content\"";
				DEVELOPMENT_TEAM = J4YBM72295;
				ENABLE_PREVIEWS = YES;
				GENERATE_INFOPLIST_FILE = YES;
				INFOPLIST_KEY_UIApplicationSceneManifest_Generation = YES;
				INFOPLIST_KEY_UIApplicationSupportsIndirectInputEvents = YES;
				INFOPLIST_KEY_UILaunchScreen_Generation = YES;
				INFOPLIST_KEY_UISupportedInterfaceOrientations_iPad = "UIInterfaceOrientationPortrait UIInterfaceOrientationPortraitUpsideDown UIInterfaceOrientationLandscapeLeft UIInterfaceOrientationLandscapeRight";
				INFOPLIST_KEY_UISupportedInterfaceOrientations_iPhone = "UIInterfaceOrientationPortrait UIInterfaceOrientationLandscapeLeft UIInterfaceOrientationLandscapeRight";
				LD_RUNPATH_SEARCH_PATHS = (
					"$(inherited)",
					"@executable_path/Frameworks",
				);
				MARKETING_VERSION = 1.0;
				PRODUCT_BUNDLE_IDENTIFIER = com.anika.MovieEmojiQuiz;
				PRODUCT_NAME = "$(TARGET_NAME)";
				SWIFT_EMIT_LOC_STRINGS = YES;
				SWIFT_VERSION = 5.0;
				TARGETED_DEVICE_FAMILY = "1,2";
			};
			name = Debug;
		};
		BD54BA732C137FF2006C0B55 /* Release */ = {
			isa = XCBuildConfiguration;
			buildSettings = {
				ASSETCATALOG_COMPILER_APPICON_NAME = AppIcon;
				ASSETCATALOG_COMPILER_GLOBAL_ACCENT_COLOR_NAME = AccentColor;
				CODE_SIGN_STYLE = Automatic;
				CURRENT_PROJECT_VERSION = 1;
				DEVELOPMENT_ASSET_PATHS = "\"MovieEmojiQuiz/Preview Content\"";
				DEVELOPMENT_TEAM = J4YBM72295;
				ENABLE_PREVIEWS = YES;
				GENERATE_INFOPLIST_FILE = YES;
				INFOPLIST_KEY_UIApplicationSceneManifest_Generation = YES;
				INFOPLIST_KEY_UIApplicationSupportsIndirectInputEvents = YES;
				INFOPLIST_KEY_UILaunchScreen_Generation = YES;
				INFOPLIST_KEY_UISupportedInterfaceOrientations_iPad = "UIInterfaceOrientationPortrait UIInterfaceOrientationPortraitUpsideDown UIInterfaceOrientationLandscapeLeft UIInterfaceOrientationLandscapeRight";
				INFOPLIST_KEY_UISupportedInterfaceOrientations_iPhone = "UIInterfaceOrientationPortrait UIInterfaceOrientationLandscapeLeft UIInterfaceOrientationLandscapeRight";
				LD_RUNPATH_SEARCH_PATHS = (
					"$(inherited)",
					"@executable_path/Frameworks",
				);
				MARKETING_VERSION = 1.0;
				PRODUCT_BUNDLE_IDENTIFIER = com.anika.MovieEmojiQuiz;
				PRODUCT_NAME = "$(TARGET_NAME)";
				SWIFT_EMIT_LOC_STRINGS = YES;
				SWIFT_VERSION = 5.0;
				TARGETED_DEVICE_FAMILY = "1,2";
			};
			name = Release;
		};
/* End XCBuildConfiguration section */

/* Begin XCConfigurationList section */
		BD54BA5E2C137FF1006C0B55 /* Build configuration list for PBXProject "MovieEmojiQuiz" */ = {
			isa = XCConfigurationList;
			buildConfigurations = (
				BD54BA6F2C137FF2006C0B55 /* Debug */,
				BD54BA702C137FF2006C0B55 /* Release */,
			);
			defaultConfigurationIsVisible = 0;
			defaultConfigurationName = Release;
		};
		BD54BA712C137FF2006C0B55 /* Build configuration list for PBXNativeTarget "MovieEmojiQuiz" */ = {
			isa = XCConfigurationList;
			buildConfigurations = (
				BD54BA722C137FF2006C0B55 /* Debug */,
				BD54BA732C137FF2006C0B55 /* Release */,
			);
			defaultConfigurationIsVisible = 0;
			defaultConfigurationName = Release;
		};
/* End XCConfigurationList section */
	};
	rootObject = BD54BA5B2C137FF1006C0B55 /* Project object */;
}
